// !$*UTF8*$!
{
	archiveVersion = 1;
	classes = {
	};
	objectVersion = 46;
	objects = {

/* Begin PBXBuildFile section */
		2E3507611F28BADD007340C5 /* main.m in Sources */ = {isa = PBXBuildFile; fileRef = 2E3507601F28BADD007340C5 /* main.m */; };
		2E3507641F28BADD007340C5 /* AppDelegate.m in Sources */ = {isa = PBXBuildFile; fileRef = 2E3507631F28BADD007340C5 /* AppDelegate.m */; };
		2E3507671F28BADD007340C5 /* ViewController.m in Sources */ = {isa = PBXBuildFile; fileRef = 2E3507661F28BADD007340C5 /* ViewController.m */; };
		2E35076A1F28BADD007340C5 /* Main.storyboard in Resources */ = {isa = PBXBuildFile; fileRef = 2E3507681F28BADD007340C5 /* Main.storyboard */; };
		2E35076C1F28BADD007340C5 /* Assets.xcassets in Resources */ = {isa = PBXBuildFile; fileRef = 2E35076B1F28BADD007340C5 /* Assets.xcassets */; };
		2E35076F1F28BADD007340C5 /* LaunchScreen.storyboard in Resources */ = {isa = PBXBuildFile; fileRef = 2E35076D1F28BADD007340C5 /* LaunchScreen.storyboard */; };
		2E35077A1F28BADD007340C5 /* shareTests.m in Sources */ = {isa = PBXBuildFile; fileRef = 2E3507791F28BADD007340C5 /* shareTests.m */; };
		2E3507851F28BADD007340C5 /* shareUITests.m in Sources */ = {isa = PBXBuildFile; fileRef = 2E3507841F28BADD007340C5 /* shareUITests.m */; };
/* End PBXBuildFile section */

/* Begin PBXContainerItemProxy section */
		2E3507761F28BADD007340C5 /* PBXContainerItemProxy */ = {
			isa = PBXContainerItemProxy;
			containerPortal = 2E3507541F28BADD007340C5 /* Project object */;
			proxyType = 1;
			remoteGlobalIDString = 2E35075B1F28BADD007340C5;
			remoteInfo = share;
		};
		2E3507811F28BADD007340C5 /* PBXContainerItemProxy */ = {
			isa = PBXContainerItemProxy;
			containerPortal = 2E3507541F28BADD007340C5 /* Project object */;
			proxyType = 1;
			remoteGlobalIDString = 2E35075B1F28BADD007340C5;
			remoteInfo = share;
		};
/* End PBXContainerItemProxy section */

/* Begin PBXFileReference section */
		2E35075C1F28BADD007340C5 /* share.app */ = {isa = PBXFileReference; explicitFileType = wrapper.application; includeInIndex = 0; path = share.app; sourceTree = BUILT_PRODUCTS_DIR; };
		2E3507601F28BADD007340C5 /* main.m */ = {isa = PBXFileReference; lastKnownFileType = sourcecode.c.objc; path = main.m; sourceTree = "<group>"; };
		2E3507621F28BADD007340C5 /* AppDelegate.h */ = {isa = PBXFileReference; lastKnownFileType = sourcecode.c.h; path = AppDelegate.h; sourceTree = "<group>"; };
		2E3507631F28BADD007340C5 /* AppDelegate.m */ = {isa = PBXFileReference; lastKnownFileType = sourcecode.c.objc; path = AppDelegate.m; sourceTree = "<group>"; };
		2E3507651F28BADD007340C5 /* ViewController.h */ = {isa = PBXFileReference; lastKnownFileType = sourcecode.c.h; path = ViewController.h; sourceTree = "<group>"; };
		2E3507661F28BADD007340C5 /* ViewController.m */ = {isa = PBXFileReference; lastKnownFileType = sourcecode.c.objc; path = ViewController.m; sourceTree = "<group>"; };
		2E3507691F28BADD007340C5 /* Base */ = {isa = PBXFileReference; lastKnownFileType = file.storyboard; name = Base; path = Base.lproj/Main.storyboard; sourceTree = "<group>"; };
		2E35076B1F28BADD007340C5 /* Assets.xcassets */ = {isa = PBXFileReference; lastKnownFileType = folder.assetcatalog; path = Assets.xcassets; sourceTree = "<group>"; };
		2E35076E1F28BADD007340C5 /* Base */ = {isa = PBXFileReference; lastKnownFileType = file.storyboard; name = Base; path = Base.lproj/LaunchScreen.storyboard; sourceTree = "<group>"; };
		2E3507701F28BADD007340C5 /* Info.plist */ = {isa = PBXFileReference; lastKnownFileType = text.plist.xml; path = Info.plist; sourceTree = "<group>"; };
		2E3507751F28BADD007340C5 /* shareTests.xctest */ = {isa = PBXFileReference; explicitFileType = wrapper.cfbundle; includeInIndex = 0; path = shareTests.xctest; sourceTree = BUILT_PRODUCTS_DIR; };
		2E3507791F28BADD007340C5 /* shareTests.m */ = {isa = PBXFileReference; lastKnownFileType = sourcecode.c.objc; path = shareTests.m; sourceTree = "<group>"; };
		2E35077B1F28BADD007340C5 /* Info.plist */ = {isa = PBXFileReference; lastKnownFileType = text.plist.xml; path = Info.plist; sourceTree = "<group>"; };
		2E3507801F28BADD007340C5 /* shareUITests.xctest */ = {isa = PBXFileReference; explicitFileType = wrapper.cfbundle; includeInIndex = 0; path = shareUITests.xctest; sourceTree = BUILT_PRODUCTS_DIR; };
		2E3507841F28BADD007340C5 /* shareUITests.m */ = {isa = PBXFileReference; lastKnownFileType = sourcecode.c.objc; path = shareUITests.m; sourceTree = "<group>"; };
		2E3507861F28BADD007340C5 /* Info.plist */ = {isa = PBXFileReference; lastKnownFileType = text.plist.xml; path = Info.plist; sourceTree = "<group>"; };
/* End PBXFileReference section */

/* Begin PBXFrameworksBuildPhase section */
		2E3507591F28BADD007340C5 /* Frameworks */ = {
			isa = PBXFrameworksBuildPhase;
			buildActionMask = 2147483647;
			files = (
			);
			runOnlyForDeploymentPostprocessing = 0;
		};
		2E3507721F28BADD007340C5 /* Frameworks */ = {
			isa = PBXFrameworksBuildPhase;
			buildActionMask = 2147483647;
			files = (
			);
			runOnlyForDeploymentPostprocessing = 0;
		};
		2E35077D1F28BADD007340C5 /* Frameworks */ = {
			isa = PBXFrameworksBuildPhase;
			buildActionMask = 2147483647;
			files = (
			);
			runOnlyForDeploymentPostprocessing = 0;
		};
/* End PBXFrameworksBuildPhase section */

/* Begin PBXGroup section */
		2E3507531F28BADD007340C5 = {
			isa = PBXGroup;
			children = (
				2E35075E1F28BADD007340C5 /* share */,
				2E3507781F28BADD007340C5 /* shareTests */,
				2E3507831F28BADD007340C5 /* shareUITests */,
				2E35075D1F28BADD007340C5 /* Products */,
			);
			sourceTree = "<group>";
		};
		2E35075D1F28BADD007340C5 /* Products */ = {
			isa = PBXGroup;
			children = (
				2E35075C1F28BADD007340C5 /* share.app */,
				2E3507751F28BADD007340C5 /* shareTests.xctest */,
				2E3507801F28BADD007340C5 /* shareUITests.xctest */,
			);
			name = Products;
			sourceTree = "<group>";
		};
		2E35075E1F28BADD007340C5 /* share */ = {
			isa = PBXGroup;
			children = (
				2E3507621F28BADD007340C5 /* AppDelegate.h */,
				2E3507631F28BADD007340C5 /* AppDelegate.m */,
				2E3507651F28BADD007340C5 /* ViewController.h */,
				2E3507661F28BADD007340C5 /* ViewController.m */,
				2E3507681F28BADD007340C5 /* Main.storyboard */,
				2E35076B1F28BADD007340C5 /* Assets.xcassets */,
				2E35076D1F28BADD007340C5 /* LaunchScreen.storyboard */,
				2E3507701F28BADD007340C5 /* Info.plist */,
				2E35075F1F28BADD007340C5 /* Supporting Files */,
			);
			path = share;
			sourceTree = "<group>";
		};
		2E35075F1F28BADD007340C5 /* Supporting Files */ = {
			isa = PBXGroup;
			children = (
				2E3507601F28BADD007340C5 /* main.m */,
			);
			name = "Supporting Files";
			sourceTree = "<group>";
		};
		2E3507781F28BADD007340C5 /* shareTests */ = {
			isa = PBXGroup;
			children = (
				2E3507791F28BADD007340C5 /* shareTests.m */,
				2E35077B1F28BADD007340C5 /* Info.plist */,
			);
			path = shareTests;
			sourceTree = "<group>";
		};
		2E3507831F28BADD007340C5 /* shareUITests */ = {
			isa = PBXGroup;
			children = (
				2E3507841F28BADD007340C5 /* shareUITests.m */,
				2E3507861F28BADD007340C5 /* Info.plist */,
			);
			path = shareUITests;
			sourceTree = "<group>";
		};
/* End PBXGroup section */

/* Begin PBXNativeTarget section */
		2E35075B1F28BADD007340C5 /* share */ = {
			isa = PBXNativeTarget;
			buildConfigurationList = 2E3507891F28BADD007340C5 /* Build configuration list for PBXNativeTarget "share" */;
			buildPhases = (
				2E3507581F28BADD007340C5 /* Sources */,
				2E3507591F28BADD007340C5 /* Frameworks */,
				2E35075A1F28BADD007340C5 /* Resources */,
			);
			buildRules = (
			);
			dependencies = (
			);
			name = share;
			productName = share;
			productReference = 2E35075C1F28BADD007340C5 /* share.app */;
			productType = "com.apple.product-type.application";
		};
		2E3507741F28BADD007340C5 /* shareTests */ = {
			isa = PBXNativeTarget;
			buildConfigurationList = 2E35078C1F28BADD007340C5 /* Build configuration list for PBXNativeTarget "shareTests" */;
			buildPhases = (
				2E3507711F28BADD007340C5 /* Sources */,
				2E3507721F28BADD007340C5 /* Frameworks */,
				2E3507731F28BADD007340C5 /* Resources */,
			);
			buildRules = (
			);
			dependencies = (
				2E3507771F28BADD007340C5 /* PBXTargetDependency */,
			);
			name = shareTests;
			productName = shareTests;
			productReference = 2E3507751F28BADD007340C5 /* shareTests.xctest */;
			productType = "com.apple.product-type.bundle.unit-test";
		};
		2E35077F1F28BADD007340C5 /* shareUITests */ = {
			isa = PBXNativeTarget;
			buildConfigurationList = 2E35078F1F28BADD007340C5 /* Build configuration list for PBXNativeTarget "shareUITests" */;
			buildPhases = (
				2E35077C1F28BADD007340C5 /* Sources */,
				2E35077D1F28BADD007340C5 /* Frameworks */,
				2E35077E1F28BADD007340C5 /* Resources */,
			);
			buildRules = (
			);
			dependencies = (
				2E3507821F28BADD007340C5 /* PBXTargetDependency */,
			);
			name = shareUITests;
			productName = shareUITests;
			productReference = 2E3507801F28BADD007340C5 /* shareUITests.xctest */;
			productType = "com.apple.product-type.bundle.ui-testing";
		};
/* End PBXNativeTarget section */

/* Begin PBXProject section */
		2E3507541F28BADD007340C5 /* Project object */ = {
			isa = PBXProject;
			attributes = {
				LastUpgradeCheck = 0720;
				ORGANIZATIONNAME = wuxinyi;
				TargetAttributes = {
					2E35075B1F28BADD007340C5 = {
						CreatedOnToolsVersion = 7.2.1;
					};
					2E3507741F28BADD007340C5 = {
						CreatedOnToolsVersion = 7.2.1;
						TestTargetID = 2E35075B1F28BADD007340C5;
					};
					2E35077F1F28BADD007340C5 = {
						CreatedOnToolsVersion = 7.2.1;
						TestTargetID = 2E35075B1F28BADD007340C5;
					};
				};
			};
			buildConfigurationList = 2E3507571F28BADD007340C5 /* Build configuration list for PBXProject "share" */;
			compatibilityVersion = "Xcode 3.2";
			developmentRegion = English;
			hasScannedForEncodings = 0;
			knownRegions = (
				en,
				Base,
			);
			mainGroup = 2E3507531F28BADD007340C5;
			productRefGroup = 2E35075D1F28BADD007340C5 /* Products */;
			projectDirPath = "";
			projectRoot = "";
			targets = (
				2E35075B1F28BADD007340C5 /* share */,
				2E3507741F28BADD007340C5 /* shareTests */,
				2E35077F1F28BADD007340C5 /* shareUITests */,
			);
		};
/* End PBXProject section */

/* Begin PBXResourcesBuildPhase section */
		2E35075A1F28BADD007340C5 /* Resources */ = {
			isa = PBXResourcesBuildPhase;
			buildActionMask = 2147483647;
			files = (
				2E35076F1F28BADD007340C5 /* LaunchScreen.storyboard in Resources */,
				2E35076C1F28BADD007340C5 /* Assets.xcassets in Resources */,
				2E35076A1F28BADD007340C5 /* Main.storyboard in Resources */,
			);
			runOnlyForDeploymentPostprocessing = 0;
		};
		2E3507731F28BADD007340C5 /* Resources */ = {
			isa = PBXResourcesBuildPhase;
			buildActionMask = 2147483647;
			files = (
			);
			runOnlyForDeploymentPostprocessing = 0;
		};
		2E35077E1F28BADD007340C5 /* Resources */ = {
			isa = PBXResourcesBuildPhase;
			buildActionMask = 2147483647;
			files = (
			);
			runOnlyForDeploymentPostprocessing = 0;
		};
/* End PBXResourcesBuildPhase section */

/* Begin PBXSourcesBuildPhase section */
		2E3507581F28BADD007340C5 /* Sources */ = {
			isa = PBXSourcesBuildPhase;
			buildActionMask = 2147483647;
			files = (
				2E3507671F28BADD007340C5 /* ViewController.m in Sources */,
				2E3507641F28BADD007340C5 /* AppDelegate.m in Sources */,
				2E3507611F28BADD007340C5 /* main.m in Sources */,
			);
			runOnlyForDeploymentPostprocessing = 0;
		};
		2E3507711F28BADD007340C5 /* Sources */ = {
			isa = PBXSourcesBuildPhase;
			buildActionMask = 2147483647;
			files = (
				2E35077A1F28BADD007340C5 /* shareTests.m in Sources */,
			);
			runOnlyForDeploymentPostprocessing = 0;
		};
		2E35077C1F28BADD007340C5 /* Sources */ = {
			isa = PBXSourcesBuildPhase;
			buildActionMask = 2147483647;
			files = (
				2E3507851F28BADD007340C5 /* shareUITests.m in Sources */,
			);
			runOnlyForDeploymentPostprocessing = 0;
		};
/* End PBXSourcesBuildPhase section */

/* Begin PBXTargetDependency section */
		2E3507771F28BADD007340C5 /* PBXTargetDependency */ = {
			isa = PBXTargetDependency;
			target = 2E35075B1F28BADD007340C5 /* share */;
			targetProxy = 2E3507761F28BADD007340C5 /* PBXContainerItemProxy */;
		};
		2E3507821F28BADD007340C5 /* PBXTargetDependency */ = {
			isa = PBXTargetDependency;
			target = 2E35075B1F28BADD007340C5 /* share */;
			targetProxy = 2E3507811F28BADD007340C5 /* PBXContainerItemProxy */;
		};
/* End PBXTargetDependency section */

/* Begin PBXVariantGroup section */
		2E3507681F28BADD007340C5 /* Main.storyboard */ = {
			isa = PBXVariantGroup;
			children = (
				2E3507691F28BADD007340C5 /* Base */,
			);
			name = Main.storyboard;
			sourceTree = "<group>";
		};
		2E35076D1F28BADD007340C5 /* LaunchScreen.storyboard */ = {
			isa = PBXVariantGroup;
			children = (
				2E35076E1F28BADD007340C5 /* Base */,
			);
			name = LaunchScreen.storyboard;
			sourceTree = "<group>";
		};
/* End PBXVariantGroup section */

/* Begin XCBuildConfiguration section */
		2E3507871F28BADD007340C5 /* Debug */ = {
			isa = XCBuildConfiguration;
			buildSettings = {
				ALWAYS_SEARCH_USER_PATHS = NO;
				CLANG_CXX_LANGUAGE_STANDARD = "gnu++0x";
				CLANG_CXX_LIBRARY = "libc++";
				CLANG_ENABLE_MODULES = YES;
				CLANG_ENABLE_OBJC_ARC = YES;
				CLANG_WARN_BOOL_CONVERSION = YES;
				CLANG_WARN_CONSTANT_CONVERSION = YES;
				CLANG_WARN_DIRECT_OBJC_ISA_USAGE = YES_ERROR;
				CLANG_WARN_EMPTY_BODY = YES;
				CLANG_WARN_ENUM_CONVERSION = YES;
				CLANG_WARN_INT_CONVERSION = YES;
				CLANG_WARN_OBJC_ROOT_CLASS = YES_ERROR;
				CLANG_WARN_UNREACHABLE_CODE = YES;
				CLANG_WARN__DUPLICATE_METHOD_MATCH = YES;
				"CODE_SIGN_IDENTITY[sdk=iphoneos*]" = "iPhone Developer";
				COPY_PHASE_STRIP = NO;
				DEBUG_INFORMATION_FORMAT = dwarf;
				ENABLE_STRICT_OBJC_MSGSEND = YES;
				ENABLE_TESTABILITY = YES;
				GCC_C_LANGUAGE_STANDARD = gnu99;
				GCC_DYNAMIC_NO_PIC = NO;
				GCC_NO_COMMON_BLOCKS = YES;
				GCC_OPTIMIZATION_LEVEL = 0;
				GCC_PREPROCESSOR_DEFINITIONS = (
					"DEBUG=1",
					"$(inherited)",
				);
				GCC_WARN_64_TO_32_BIT_CONVERSION = YES;
				GCC_WARN_ABOUT_RETURN_TYPE = YES_ERROR;
				GCC_WARN_UNDECLARED_SELECTOR = YES;
				GCC_WARN_UNINITIALIZED_AUTOS = YES_AGGRESSIVE;
				GCC_WARN_UNUSED_FUNCTION = YES;
				GCC_WARN_UNUSED_VARIABLE = YES;
				IPHONEOS_DEPLOYMENT_TARGET = 9.2;
				MTL_ENABLE_DEBUG_INFO = YES;
				ONLY_ACTIVE_ARCH = YES;
				SDKROOT = iphoneos;
				TARGETED_DEVICE_FAMILY = "1,2";
			};
			name = Debug;
		};
		2E3507881F28BADD007340C5 /* Release */ = {
			isa = XCBuildConfiguration;
			buildSettings = {
				ALWAYS_SEARCH_USER_PATHS = NO;
				CLANG_CXX_LANGUAGE_STANDARD = "gnu++0x";
				CLANG_CXX_LIBRARY = "libc++";
				CLANG_ENABLE_MODULES = YES;
				CLANG_ENABLE_OBJC_ARC = YES;
				CLANG_WARN_BOOL_CONVERSION = YES;
				CLANG_WARN_CONSTANT_CONVERSION = YES;
				CLANG_WARN_DIRECT_OBJC_ISA_USAGE = YES_ERROR;
				CLANG_WARN_EMPTY_BODY = YES;
				CLANG_WARN_ENUM_CONVERSION = YES;
				CLANG_WARN_INT_CONVERSION = YES;
				CLANG_WARN_OBJC_ROOT_CLASS = YES_ERROR;
				CLANG_WARN_UNREACHABLE_CODE = YES;
				CLANG_WARN__DUPLICATE_METHOD_MATCH = YES;
				"CODE_SIGN_IDENTITY[sdk=iphoneos*]" = "iPhone Developer";
				COPY_PHASE_STRIP = NO;
				DEBUG_INFORMATION_FORMAT = "dwarf-with-dsym";
				ENABLE_NS_ASSERTIONS = NO;
				ENABLE_STRICT_OBJC_MSGSEND = YES;
				GCC_C_LANGUAGE_STANDARD = gnu99;
				GCC_NO_COMMON_BLOCKS = YES;
				GCC_WARN_64_TO_32_BIT_CONVERSION = YES;
				GCC_WARN_ABOUT_RETURN_TYPE = YES_ERROR;
				GCC_WARN_UNDECLARED_SELECTOR = YES;
				GCC_WARN_UNINITIALIZED_AUTOS = YES_AGGRESSIVE;
				GCC_WARN_UNUSED_FUNCTION = YES;
				GCC_WARN_UNUSED_VARIABLE = YES;
				IPHONEOS_DEPLOYMENT_TARGET = 9.2;
				MTL_ENABLE_DEBUG_INFO = NO;
				SDKROOT = iphoneos;
				TARGETED_DEVICE_FAMILY = "1,2";
				VALIDATE_PRODUCT = YES;
			};
			name = Release;
		};
		2E35078A1F28BADD007340C5 /* Debug */ = {
			isa = XCBuildConfiguration;
			buildSettings = {
				ASSETCATALOG_COMPILER_APPICON_NAME = AppIcon;
				INFOPLIST_FILE = share/Info.plist;
				LD_RUNPATH_SEARCH_PATHS = "$(inherited) @executable_path/Frameworks";
				PRODUCT_BUNDLE_IDENTIFIER = wuxinyi.share;
				PRODUCT_NAME = "$(TARGET_NAME)";
			};
			name = Debug;
		};
		2E35078B1F28BADD007340C5 /* Release */ = {
			isa = XCBuildConfiguration;
			buildSettings = {
				ASSETCATALOG_COMPILER_APPICON_NAME = AppIcon;
				INFOPLIST_FILE = share/Info.plist;
				LD_RUNPATH_SEARCH_PATHS = "$(inherited) @executable_path/Frameworks";
				PRODUCT_BUNDLE_IDENTIFIER = wuxinyi.share;
				PRODUCT_NAME = "$(TARGET_NAME)";
			};
			name = Release;
		};
		2E35078D1F28BADD007340C5 /* Debug */ = {
			isa = XCBuildConfiguration;
			buildSettings = {
				BUNDLE_LOADER = "$(TEST_HOST)";
				INFOPLIST_FILE = shareTests/Info.plist;
				LD_RUNPATH_SEARCH_PATHS = "$(inherited) @executable_path/Frameworks @loader_path/Frameworks";
				PRODUCT_BUNDLE_IDENTIFIER = wuxinyi.shareTests;
				PRODUCT_NAME = "$(TARGET_NAME)";
				TEST_HOST = "$(BUILT_PRODUCTS_DIR)/share.app/share";
			};
			name = Debug;
		};
		2E35078E1F28BADD007340C5 /* Release */ = {
			isa = XCBuildConfiguration;
			buildSettings = {
				BUNDLE_LOADER = "$(TEST_HOST)";
				INFOPLIST_FILE = shareTests/Info.plist;
				LD_RUNPATH_SEARCH_PATHS = "$(inherited) @executable_path/Frameworks @loader_path/Frameworks";
				PRODUCT_BUNDLE_IDENTIFIER = wuxinyi.shareTests;
				PRODUCT_NAME = "$(TARGET_NAME)";
				TEST_HOST = "$(BUILT_PRODUCTS_DIR)/share.app/share";
			};
			name = Release;
		};
		2E3507901F28BADD007340C5 /* Debug */ = {
			isa = XCBuildConfiguration;
			buildSettings = {
				INFOPLIST_FILE = shareUITests/Info.plist;
				LD_RUNPATH_SEARCH_PATHS = "$(inherited) @executable_path/Frameworks @loader_path/Frameworks";
				PRODUCT_BUNDLE_IDENTIFIER = wuxinyi.shareUITests;
				PRODUCT_NAME = "$(TARGET_NAME)";
				TEST_TARGET_NAME = share;
				USES_XCTRUNNER = YES;
			};
			name = Debug;
		};
		2E3507911F28BADD007340C5 /* Release */ = {
			isa = XCBuildConfiguration;
			buildSettings = {
				INFOPLIST_FILE = shareUITests/Info.plist;
				LD_RUNPATH_SEARCH_PATHS = "$(inherited) @executable_path/Frameworks @loader_path/Frameworks";
				PRODUCT_BUNDLE_IDENTIFIER = wuxinyi.shareUITests;
				PRODUCT_NAME = "$(TARGET_NAME)";
				TEST_TARGET_NAME = share;
				USES_XCTRUNNER = YES;
			};
			name = Release;
		};
/* End XCBuildConfiguration section */

/* Begin XCConfigurationList section */
		2E3507571F28BADD007340C5 /* Build configuration list for PBXProject "share" */ = {
			isa = XCConfigurationList;
			buildConfigurations = (
				2E3507871F28BADD007340C5 /* Debug */,
				2E3507881F28BADD007340C5 /* Release */,
			);
			defaultConfigurationIsVisible = 0;
			defaultConfigurationName = Release;
		};
		2E3507891F28BADD007340C5 /* Build configuration list for PBXNativeTarget "share" */ = {
			isa = XCConfigurationList;
			buildConfigurations = (
				2E35078A1F28BADD007340C5 /* Debug */,
				2E35078B1F28BADD007340C5 /* Release */,
			);
			defaultConfigurationIsVisible = 0;
		};
		2E35078C1F28BADD007340C5 /* Build configuration list for PBXNativeTarget "shareTests" */ = {
			isa = XCConfigurationList;
			buildConfigurations = (
				2E35078D1F28BADD007340C5 /* Debug */,
				2E35078E1F28BADD007340C5 /* Release */,
			);
			defaultConfigurationIsVisible = 0;
		};
		2E35078F1F28BADD007340C5 /* Build configuration list for PBXNativeTarget "shareUITests" */ = {
			isa = XCConfigurationList;
			buildConfigurations = (
				2E3507901F28BADD007340C5 /* Debug */,
				2E3507911F28BADD007340C5 /* Release */,
			);
			defaultConfigurationIsVisible = 0;
		};
/* End XCConfigurationList section */
	};
	rootObject = 2E3507541F28BADD007340C5 /* Project object */;
}
